# THIS IS AN AUTOGENERATED FILE. DO NOT EDIT THIS FILE DIRECTLY.
# yarn lockfile v1


ev-emitter@~1.0.0:
  version "1.0.3"
  resolved "https://registry.yarnpkg.com/ev-emitter/-/ev-emitter-1.0.3.tgz#ee5ef74b6ed28d911b32ddcbfc97867f580937bc"

imagesloaded@^4.1.2:
  version "4.1.2"
  resolved "https://registry.yarnpkg.com/imagesloaded/-/imagesloaded-4.1.2.tgz#9d1e094112ad3fe6445289c470d975627819df0d"
  dependencies:
    ev-emitter "~1.0.0"

jquery@^3.2.1:
  version "3.2.1"
  resolved "https://registry.yarnpkg.com/jquery/-/jquery-3.2.1.tgz#5c4d9de652af6cd0a770154a631bba12b015c787"
